PODS:
  - AFNetworking (4.0.1):
    - AFNetworking/NSURLSession (= 4.0.1)
    - AFNetworking/Reachability (= 4.0.1)
    - AFNetworking/Security (= 4.0.1)
    - AFNetworking/Serialization (= 4.0.1)
    - AFNetworking/UIKit (= 4.0.1)
  - AFNetworking/NSURLSession (4.0.1):
    - AFNetworking/Reachability
    - AFNetworking/Security
    - AFNetworking/Serialization
  - AFNetworking/Reachability (4.0.1)
  - AFNetworking/Security (4.0.1)
  - AFNetworking/Serialization (4.0.1)
  - AFNetworking/UIKit (4.0.1):
    - AFNetworking/NSURLSession
  - CocoaLumberjack (3.6.0):
    - CocoaLumberjack/Core (= 3.6.0)
  - CocoaLumberjack/Core (3.6.0)
  - FBRetainCycleDetector (0.1.4)
  - fishhook (0.2)
  - FLEX (4.1.1)
  - GKNavigationBar (1.8.0):
    - GKNavigationBar/GestureHandle (= 1.8.0)
    - GKNavigationBar/NavigationBar (= 1.8.0)
  - GKNavigationBar/GestureHandle (1.8.0)
  - GKNavigationBar/NavigationBar (1.8.0)
  - JJException (0.2.12):
    - JJException/All (= 0.2.12)
  - JJException/All (0.2.12):
    - JJException/ARC
    - JJException/DeallocBlock
    - JJException/Main
    - JJException/MRC
    - JJException/Swizzle
  - JJException/ARC (0.2.12):
    - JJException/DeallocBlock
    - JJException/Main
    - JJException/Swizzle
  - JJException/DeallocBlock (0.2.12)
  - JJException/Main (0.2.12)
  - JJException/MRC (0.2.12):
    - JJException/Main
    - JJException/Swizzle
  - JJException/Swizzle (0.2.12)
  - MTAppenderFile (0.4.4)
  - MTHawkeye (0.12.5):
    - MTHawkeye/DefaultPluginsExcludeGL (= 0.12.5)
  - MTHawkeye/Core (0.12.5):
    - MTHawkeye/Utils
  - MTHawkeye/DefaultPluginsExcludeGL (0.12.5):
    - CocoaLumberjack
    - MTHawkeye/DefaultPluginsWithoutLogAndGL
  - MTHawkeye/DefaultPluginsWithoutLogAndGL (0.12.5):
    - MTHawkeye/Core
    - MTHawkeye/EnergyPlugins
    - MTHawkeye/FLEXExtension
    - MTHawkeye/MemoryPlugins
    - MTHawkeye/NetworkPlugins
    - MTHawkeye/StorageMonitorPlugins
    - MTHawkeye/TimeConsumingPlugins
    - MTHawkeye/UISkeleton
  - MTHawkeye/EnergyPlugins (0.12.5):
    - MTHawkeye/EnergyPlugins/BackgroundTaskTrace (= 0.12.5)
    - MTHawkeye/EnergyPlugins/CPUTrace (= 0.12.5)
  - MTHawkeye/EnergyPlugins/BackgroundTaskTrace (0.12.5):
    - MTHawkeye/EnergyPlugins/BackgroundTaskTrace/Core (= 0.12.5)
    - MTHawkeye/EnergyPlugins/BackgroundTaskTrace/HawkeyeCore (= 0.12.5)
    - MTHawkeye/EnergyPlugins/BackgroundTaskTrace/HawkeyeUI (= 0.12.5)
  - MTHawkeye/EnergyPlugins/BackgroundTaskTrace/Core (0.12.5):
    - MTHawkeye/Utils
  - MTHawkeye/EnergyPlugins/BackgroundTaskTrace/HawkeyeCore (0.12.5):
    - MTHawkeye/Core
    - MTHawkeye/EnergyPlugins/BackgroundTaskTrace/Core
    - MTHawkeye/StackBacktrace
  - MTHawkeye/EnergyPlugins/BackgroundTaskTrace/HawkeyeUI (0.12.5):
    - MTHawkeye/Core
    - MTHawkeye/EnergyPlugins/BackgroundTaskTrace/HawkeyeCore
    - MTHawkeye/UISkeleton
  - MTHawkeye/EnergyPlugins/CPUTrace (0.12.5):
    - MTHawkeye/EnergyPlugins/CPUTrace/Core (= 0.12.5)
    - MTHawkeye/EnergyPlugins/CPUTrace/HawkeyeCore (= 0.12.5)
    - MTHawkeye/EnergyPlugins/CPUTrace/HawkeyeUI (= 0.12.5)
  - MTHawkeye/EnergyPlugins/CPUTrace/Core (0.12.5):
    - MTHawkeye/Core
    - MTHawkeye/StackBacktrace
  - MTHawkeye/EnergyPlugins/CPUTrace/HawkeyeCore (0.12.5):
    - MTHawkeye/Core
    - MTHawkeye/EnergyPlugins/CPUTrace/Core
  - MTHawkeye/EnergyPlugins/CPUTrace/HawkeyeUI (0.12.5):
    - MTHawkeye/Core
    - MTHawkeye/EnergyPlugins/CPUTrace/HawkeyeCore
    - MTHawkeye/UISkeleton
  - MTHawkeye/FLEXExtension (0.12.5):
    - FLEX (= 4.1.1)
    - MTHawkeye/UISkeleton
  - MTHawkeye/MemoryPlugins (0.12.5):
    - MTHawkeye/MemoryPlugins/Allocations (= 0.12.5)
    - MTHawkeye/MemoryPlugins/LivingObjectSniffer (= 0.12.5)
  - MTHawkeye/MemoryPlugins/Allocations (0.12.5):
    - MTHawkeye/MemoryPlugins/Allocations/Core (= 0.12.5)
    - MTHawkeye/MemoryPlugins/Allocations/HawkeyeCore (= 0.12.5)
    - MTHawkeye/MemoryPlugins/Allocations/HawkeyeUI (= 0.12.5)
  - MTHawkeye/MemoryPlugins/Allocations/Core (0.12.5):
    - MTHawkeye/MemoryPlugins/Allocations/Core/no-arc (= 0.12.5)
    - MTHawkeye/StackBacktrace
    - MTHawkeye/Utils
  - MTHawkeye/MemoryPlugins/Allocations/Core/no-arc (0.12.5):
    - MTHawkeye/StackBacktrace
    - MTHawkeye/Utils
  - MTHawkeye/MemoryPlugins/Allocations/HawkeyeCore (0.12.5):
    - MTHawkeye/Core
    - MTHawkeye/MemoryPlugins/Allocations/Core
  - MTHawkeye/MemoryPlugins/Allocations/HawkeyeUI (0.12.5):
    - MTHawkeye/MemoryPlugins/Allocations/Core
    - MTHawkeye/MemoryPlugins/Allocations/HawkeyeCore
    - MTHawkeye/UISkeleton
  - MTHawkeye/MemoryPlugins/LivingObjectSniffer (0.12.5):
    - MTHawkeye/MemoryPlugins/LivingObjectSniffer/Core (= 0.12.5)
    - MTHawkeye/MemoryPlugins/LivingObjectSniffer/HawkeyeCore (= 0.12.5)
    - MTHawkeye/MemoryPlugins/LivingObjectSniffer/HawkeyeUI (= 0.12.5)
  - MTHawkeye/MemoryPlugins/LivingObjectSniffer/Core (0.12.5):
    - MTHawkeye/Utils
  - MTHawkeye/MemoryPlugins/LivingObjectSniffer/HawkeyeCore (0.12.5):
    - MTHawkeye/Core
    - MTHawkeye/MemoryPlugins/LivingObjectSniffer/Core
  - MTHawkeye/MemoryPlugins/LivingObjectSniffer/HawkeyeUI (0.12.5):
    - FBRetainCycleDetector
    - MTHawkeye/MemoryPlugins/LivingObjectSniffer/HawkeyeCore
    - MTHawkeye/UISkeleton
  - MTHawkeye/NetworkPlugins (0.12.5):
    - MTHawkeye/NetworkPlugins/HawkeyeUI (= 0.12.5)
    - MTHawkeye/NetworkPlugins/Inspect (= 0.12.5)
    - MTHawkeye/NetworkPlugins/Monitor (= 0.12.5)
  - MTHawkeye/NetworkPlugins/HawkeyeUI (0.12.5):
    - FLEX (= 4.1.1)
    - MTHawkeye/NetworkPlugins/Inspect
    - MTHawkeye/NetworkPlugins/Monitor
    - MTHawkeye/UISkeleton
  - MTHawkeye/NetworkPlugins/Inspect (0.12.5):
    - MTHawkeye/NetworkPlugins/Inspect/Core (= 0.12.5)
    - MTHawkeye/NetworkPlugins/Inspect/HawkeyeCore (= 0.12.5)
  - MTHawkeye/NetworkPlugins/Inspect/Core (0.12.5):
    - MTHawkeye/Core
    - MTHawkeye/NetworkPlugins/Monitor
  - MTHawkeye/NetworkPlugins/Inspect/HawkeyeCore (0.12.5):
    - MTHawkeye/Core
    - MTHawkeye/NetworkPlugins/Inspect/Core
  - MTHawkeye/NetworkPlugins/Monitor (0.12.5):
    - MTHawkeye/NetworkPlugins/Monitor/Core (= 0.12.5)
    - MTHawkeye/NetworkPlugins/Monitor/HawkeyeCore (= 0.12.5)
  - MTHawkeye/NetworkPlugins/Monitor/Core (0.12.5):
    - MTHawkeye/Core
  - MTHawkeye/NetworkPlugins/Monitor/HawkeyeCore (0.12.5):
    - MTHawkeye/Core
    - MTHawkeye/NetworkPlugins/Monitor/Core
  - MTHawkeye/StackBacktrace (0.12.5):
    - MTHawkeye/Utils
  - MTHawkeye/StorageMonitorPlugins (0.12.5):
    - MTHawkeye/StorageMonitorPlugins/DirectoryWatcher (= 0.12.5)
  - MTHawkeye/StorageMonitorPlugins/DirectoryWatcher (0.12.5):
    - MTHawkeye/StorageMonitorPlugins/DirectoryWatcher/Core (= 0.12.5)
    - MTHawkeye/StorageMonitorPlugins/DirectoryWatcher/HawkeyeCore (= 0.12.5)
    - MTHawkeye/StorageMonitorPlugins/DirectoryWatcher/HawkeyeUI (= 0.12.5)
  - MTHawkeye/StorageMonitorPlugins/DirectoryWatcher/Core (0.12.5):
    - MTHawkeye/Utils
  - MTHawkeye/StorageMonitorPlugins/DirectoryWatcher/HawkeyeCore (0.12.5):
    - MTHawkeye/Core
    - MTHawkeye/StorageMonitorPlugins/DirectoryWatcher/Core
  - MTHawkeye/StorageMonitorPlugins/DirectoryWatcher/HawkeyeUI (0.12.5):
    - MTHawkeye/FLEXExtension
    - MTHawkeye/StorageMonitorPlugins/DirectoryWatcher/HawkeyeCore
    - MTHawkeye/UISkeleton
  - MTHawkeye/TimeConsumingPlugins (0.12.5):
    - MTHawkeye/TimeConsumingPlugins/ANRTrace (= 0.12.5)
    - MTHawkeye/TimeConsumingPlugins/FPSTrace (= 0.12.5)
    - MTHawkeye/TimeConsumingPlugins/ObjcCallTrace (= 0.12.5)
    - MTHawkeye/TimeConsumingPlugins/UITimeProfiler (= 0.12.5)
  - MTHawkeye/TimeConsumingPlugins/ANRTrace (0.12.5):
    - MTHawkeye/TimeConsumingPlugins/ANRTrace/Core (= 0.12.5)
    - MTHawkeye/TimeConsumingPlugins/ANRTrace/HawkeyeCore (= 0.12.5)
    - MTHawkeye/TimeConsumingPlugins/ANRTrace/HawkeyeUI (= 0.12.5)
  - MTHawkeye/TimeConsumingPlugins/ANRTrace/Core (0.12.5):
    - MTHawkeye/Core
    - MTHawkeye/StackBacktrace
    - MTHawkeye/Utils
  - MTHawkeye/TimeConsumingPlugins/ANRTrace/HawkeyeCore (0.12.5):
    - MTHawkeye/Core
    - MTHawkeye/TimeConsumingPlugins/ANRTrace/Core
  - MTHawkeye/TimeConsumingPlugins/ANRTrace/HawkeyeUI (0.12.5):
    - MTHawkeye/Core
    - MTHawkeye/TimeConsumingPlugins/ANRTrace/HawkeyeCore
    - MTHawkeye/UISkeleton
  - MTHawkeye/TimeConsumingPlugins/FPSTrace (0.12.5):
    - MTHawkeye/TimeConsumingPlugins/FPSTrace/Core (= 0.12.5)
    - MTHawkeye/TimeConsumingPlugins/FPSTrace/HawkeyeCore (= 0.12.5)
    - MTHawkeye/TimeConsumingPlugins/FPSTrace/HawkeyeUI (= 0.12.5)
  - MTHawkeye/TimeConsumingPlugins/FPSTrace/Core (0.12.5):
    - MTHawkeye/Core
  - MTHawkeye/TimeConsumingPlugins/FPSTrace/HawkeyeCore (0.12.5):
    - MTHawkeye/Core
    - MTHawkeye/TimeConsumingPlugins/FPSTrace/Core
  - MTHawkeye/TimeConsumingPlugins/FPSTrace/HawkeyeUI (0.12.5):
    - MTHawkeye/Core
    - MTHawkeye/TimeConsumingPlugins/FPSTrace/Core
    - MTHawkeye/TimeConsumingPlugins/FPSTrace/HawkeyeCore
    - MTHawkeye/UISkeleton
  - MTHawkeye/TimeConsumingPlugins/ObjcCallTrace (0.12.5):
    - MTHawkeye/TimeConsumingPlugins/ObjcCallTrace/Core (= 0.12.5)
    - MTHawkeye/TimeConsumingPlugins/ObjcCallTrace/HawkeyeCore (= 0.12.5)
  - MTHawkeye/TimeConsumingPlugins/ObjcCallTrace/Core (0.12.5):
    - fishhook (~> 0.2)
    - MTHawkeye/Utils
  - MTHawkeye/TimeConsumingPlugins/ObjcCallTrace/HawkeyeCore (0.12.5):
    - MTHawkeye/Core
    - MTHawkeye/TimeConsumingPlugins/ObjcCallTrace/Core
  - MTHawkeye/TimeConsumingPlugins/UITimeProfiler (0.12.5):
    - MTHawkeye/TimeConsumingPlugins/UITimeProfiler/Core (= 0.12.5)
    - MTHawkeye/TimeConsumingPlugins/UITimeProfiler/HawkeyeCore (= 0.12.5)
    - MTHawkeye/TimeConsumingPlugins/UITimeProfiler/HawkeyeUI (= 0.12.5)
  - MTHawkeye/TimeConsumingPlugins/UITimeProfiler/Core (0.12.5):
    - MTHawkeye/Core
  - MTHawkeye/TimeConsumingPlugins/UITimeProfiler/HawkeyeCore (0.12.5):
    - MTHawkeye/Core
    - MTHawkeye/TimeConsumingPlugins/UITimeProfiler/Core
  - MTHawkeye/TimeConsumingPlugins/UITimeProfiler/HawkeyeUI (0.12.5):
    - MTHawkeye/Core
    - MTHawkeye/TimeConsumingPlugins/ObjcCallTrace
    - MTHawkeye/TimeConsumingPlugins/UITimeProfiler/HawkeyeCore
    - MTHawkeye/UISkeleton
  - MTHawkeye/UISkeleton (0.12.5):
    - MTHawkeye/Core
  - MTHawkeye/Utils (0.12.5):
    - MTAppenderFile
    - MTHawkeye/Utils/cpp (= 0.12.5)
  - MTHawkeye/Utils/cpp (0.12.5):
    - MTAppenderFile
  - MyLayout (1.9.8)
  - SDWebImage (5.13.2):
    - SDWebImage/Core (= 5.13.2)
  - SDWebImage/Core (5.13.2)

DEPENDENCIES:
  - AFNetworking (~> 4.0.1)
  - CocoaLumberjack (= 3.6.0)
  - FBRetainCycleDetector
  - fishhook
  - FLEX
  - GKNavigationBar (~> 1.8.0)
  - JJException (~> 0.2.12)
  - MTAppenderFile
  - MTHawkeye
  - MyLayout (~> 1.9.8)
  - SDWebImage (~> 5.13.2)

SPEC REPOS:
  trunk:
    - AFNetworking
    - CocoaLumberjack
    - FBRetainCycleDetector
    - fishhook
    - FLEX
    - GKNavigationBar
    - JJException
    - MTAppenderFile
    - MTHawkeye
    - MyLayout
    - SDWebImage

SPEC CHECKSUMS:
  AFNetworking: 7864c38297c79aaca1500c33288e429c3451fdce
  CocoaLumberjack: 78b0c238666f4f58db069738ec176f4519557516
  FBRetainCycleDetector: 46f8179bbb1c587deee3ea838a1a3ee02acf5015
  fishhook: ea19933abfe8f2f52c55fd8b6e2718467d3ebc89
  FLEX: 81096107977a09836eb440173010ceeef01105d6
  GKNavigationBar: b40644da4d9f783d3af3adc2b3477a0faeece551
  JJException: e0e36bf51b5680c4d3e33afffa21c0f7fb692b9c
  MTAppenderFile: f5736bf16f2c87871dfb7cf3b4f6544884e3ccb3
  MTHawkeye: c2e9d97393a4f07558eb0921781fa132af4bda16
  MyLayout: 6ca47dbf27648aa011496094cfe1162217e3c912
  SDWebImage: 72f86271a6f3139cc7e4a89220946489d4b9a866

PODFILE CHECKSUM: 83d106c7ff4380c7a30598504795bdbc49dfa31f

COCOAPODS: 1.11.2
